
Microsoft Visual Studio Solution File, Format Version 12.00
# Visual Studio Version 17
VisualStudioVersion = 17.9.34701.34
MinimumVisualStudioVersion = 10.0.40219.1
Project("{FAE04EC0-301F-11D3-BF4B-00C04F79EFBC}") = "ASP_Lr8", "ASP_Lr8\ASP_Lr8.csproj", "{2531714F-BB11-439E-B094-16D1BC87D627}"
EndProject
Global
	GlobalSection(SolutionConfigurationPlatforms) = preSolution
		Debug|Any CPU = Debug|Any CPU
		Release|Any CPU = Release|Any CPU
	EndGlobalSection
	GlobalSection(ProjectConfigurationPlatforms) = postSolution
		{2531714F-BB11-439E-B094-16D1BC87D627}.Debug|Any CPU.ActiveCfg = Debug|Any CPU
		{2531714F-BB11-439E-B094-16D1BC87D627}.Debug|Any CPU.Build.0 = Debug|Any CPU
		{2531714F-BB11-439E-B094-16D1BC87D627}.Release|Any CPU.ActiveCfg = Release|Any CPU
		{2531714F-BB11-439E-B094-16D1BC87D627}.Release|Any CPU.Build.0 = Release|Any CPU
	EndGlobalSection
	GlobalSection(SolutionProperties) = preSolution
		HideSolutionNode = FALSE
	EndGlobalSection
	GlobalSection(ExtensibilityGlobals) = postSolution
		SolutionGuid = {48A14455-8140-4FBA-B77D-8001F9F50D45}
	EndGlobalSection
EndGlobal
